
Microsoft Visual Studio Solution File, Format Version 12.00
# Visual Studio 14
VisualStudioVersion = 14.0.25420.1
MinimumVisualStudioVersion = 10.0.40219.1
Project("{FAE04EC0-301F-11D3-BF4B-00C04F79EFBC}") = "01.RazmqnaNaStoinosti", "01.RazmqnaNaStoinosti\01.RazmqnaNaStoinosti.csproj", "{794D4914-730D-484D-AD06-05205479FB64}"
EndProject
Project("{FAE04EC0-301F-11D3-BF4B-00C04F79EFBC}") = "02.PokazvaZnakaOtSubiranetoNaTriChisla", "02.PokazvaZnakaOtSubiranetoNaTriChisla\02.PokazvaZnakaOtSubiranetoNaTriChisla.csproj", "{950D56A7-B0F4-48DB-BF9A-DFA70D30EAB6}"
EndProject
Project("{FAE04EC0-301F-11D3-BF4B-00C04F79EFBC}") = "03.NaiGolqmotoChislo", "03.NaiGolqmotoChislo\03.NaiGolqmotoChislo.csproj", "{07CC3CD1-DA2A-46D5-AC0E-2BF394AE5B30}"
EndProject
Project("{FAE04EC0-301F-11D3-BF4B-00C04F79EFBC}") = "04.NamalqvashtiChisla", "04.NamalqvashtiChisla\04.NamalqvashtiChisla.csproj", "{B405BB64-DB02-41BB-9DD4-1AE7CD826F58}"
EndProject
Project("{FAE04EC0-301F-11D3-BF4B-00C04F79EFBC}") = "05.NumberToTextTo9", "05.NumberToTextTo9\05.NumberToTextTo9.csproj", "{2E8EED23-5B11-4AF9-9879-7047FB2522C7}"
EndProject
Project("{FAE04EC0-301F-11D3-BF4B-00C04F79EFBC}") = "MaxNumber", "MaxNumber\MaxNumber.csproj", "{A7A07CE3-88A3-481E-A7D1-DFC42C18F32B}"
EndProject
Global
	GlobalSection(SolutionConfigurationPlatforms) = preSolution
		Debug|Any CPU = Debug|Any CPU
		Release|Any CPU = Release|Any CPU
	EndGlobalSection
	GlobalSection(ProjectConfigurationPlatforms) = postSolution
		{794D4914-730D-484D-AD06-05205479FB64}.Debug|Any CPU.ActiveCfg = Debug|Any CPU
		{794D4914-730D-484D-AD06-05205479FB64}.Debug|Any CPU.Build.0 = Debug|Any CPU
		{794D4914-730D-484D-AD06-05205479FB64}.Release|Any CPU.ActiveCfg = Release|Any CPU
		{794D4914-730D-484D-AD06-05205479FB64}.Release|Any CPU.Build.0 = Release|Any CPU
		{950D56A7-B0F4-48DB-BF9A-DFA70D30EAB6}.Debug|Any CPU.ActiveCfg = Debug|Any CPU
		{950D56A7-B0F4-48DB-BF9A-DFA70D30EAB6}.Debug|Any CPU.Build.0 = Debug|Any CPU
		{950D56A7-B0F4-48DB-BF9A-DFA70D30EAB6}.Release|Any CPU.ActiveCfg = Release|Any CPU
		{950D56A7-B0F4-48DB-BF9A-DFA70D30EAB6}.Release|Any CPU.Build.0 = Release|Any CPU
		{07CC3CD1-DA2A-46D5-AC0E-2BF394AE5B30}.Debug|Any CPU.ActiveCfg = Debug|Any CPU
		{07CC3CD1-DA2A-46D5-AC0E-2BF394AE5B30}.Debug|Any CPU.Build.0 = Debug|Any CPU
		{07CC3CD1-DA2A-46D5-AC0E-2BF394AE5B30}.Release|Any CPU.ActiveCfg = Release|Any CPU
		{07CC3CD1-DA2A-46D5-AC0E-2BF394AE5B30}.Release|Any CPU.Build.0 = Release|Any CPU
		{B405BB64-DB02-41BB-9DD4-1AE7CD826F58}.Debug|Any CPU.ActiveCfg = Debug|Any CPU
		{B405BB64-DB02-41BB-9DD4-1AE7CD826F58}.Debug|Any CPU.Build.0 = Debug|Any CPU
		{B405BB64-DB02-41BB-9DD4-1AE7CD826F58}.Release|Any CPU.ActiveCfg = Release|Any CPU
		{B405BB64-DB02-41BB-9DD4-1AE7CD826F58}.Release|Any CPU.Build.0 = Release|Any CPU
		{2E8EED23-5B11-4AF9-9879-7047FB2522C7}.Debug|Any CPU.ActiveCfg = Debug|Any CPU
		{2E8EED23-5B11-4AF9-9879-7047FB2522C7}.Debug|Any CPU.Build.0 = Debug|Any CPU
		{2E8EED23-5B11-4AF9-9879-7047FB2522C7}.Release|Any CPU.ActiveCfg = Release|Any CPU
		{2E8EED23-5B11-4AF9-9879-7047FB2522C7}.Release|Any CPU.Build.0 = Release|Any CPU
		{A7A07CE3-88A3-481E-A7D1-DFC42C18F32B}.Debug|Any CPU.ActiveCfg = Debug|Any CPU
		{A7A07CE3-88A3-481E-A7D1-DFC42C18F32B}.Debug|Any CPU.Build.0 = Debug|Any CPU
		{A7A07CE3-88A3-481E-A7D1-DFC42C18F32B}.Release|Any CPU.ActiveCfg = Release|Any CPU
		{A7A07CE3-88A3-481E-A7D1-DFC42C18F32B}.Release|Any CPU.Build.0 = Release|Any CPU
	EndGlobalSection
	GlobalSection(SolutionProperties) = preSolution
		HideSolutionNode = FALSE
	EndGlobalSection
EndGlobal
